
Microsoft Visual Studio Solution File, Format Version 12.00
# Visual Studio Version 16
VisualStudioVersion = 16.0.29709.97
MinimumVisualStudioVersion = 10.0.40219.1
Project("{9A19103F-16F7-4668-BE54-9A1E7A4F7556}") = "NWMSWebApplication", "DemoApplication\NWMSWebApplication.csproj", "{ED43A4A1-F767-4F43-A8B4-C1B8904EFC5D}"
EndProject
Global
	GlobalSection(SolutionConfigurationPlatforms) = preSolution
		Debug|Any CPU = Debug|Any CPU
		Release|Any CPU = Release|Any CPU
	EndGlobalSection
	GlobalSection(ProjectConfigurationPlatforms) = postSolution
		{ED43A4A1-F767-4F43-A8B4-C1B8904EFC5D}.Debug|Any CPU.ActiveCfg = Debug|Any CPU
		{ED43A4A1-F767-4F43-A8B4-C1B8904EFC5D}.Debug|Any CPU.Build.0 = Debug|Any CPU
		{ED43A4A1-F767-4F43-A8B4-C1B8904EFC5D}.Release|Any CPU.ActiveCfg = Release|Any CPU
		{ED43A4A1-F767-4F43-A8B4-C1B8904EFC5D}.Release|Any CPU.Build.0 = Release|Any CPU
	EndGlobalSection
	GlobalSection(SolutionProperties) = preSolution
		HideSolutionNode = FALSE
	EndGlobalSection
	GlobalSection(ExtensibilityGlobals) = postSolution
		SolutionGuid = {D99B745F-98AA-4C9B-A64E-E8894C01EEF3}
	EndGlobalSection
EndGlobal
